
Microsoft Visual Studio Solution File, Format Version 12.00
# Visual Studio Version 16
VisualStudioVersion = 16.0.29728.190
MinimumVisualStudioVersion = 10.0.40219.1
Project("{FAE04EC0-301F-11D3-BF4B-00C04F79EFBC}") = "ReLinqEntropy", "ReLinqEntropy\ReLinqEntropy.csproj", "{DA6D485A-FD4A-4044-ABC6-F489EBB09295}"
EndProject
Project("{FAE04EC0-301F-11D3-BF4B-00C04F79EFBC}") = "ReLinqEntropy.Tests", "ReLinqEntropy.Tests\ReLinqEntropy.Tests.csproj", "{F256180C-37E9-4195-AB26-28B4EC33616E}"
EndProject
Global
	GlobalSection(SolutionConfigurationPlatforms) = preSolution
		Debug|Any CPU = Debug|Any CPU
		Release|Any CPU = Release|Any CPU
	EndGlobalSection
	GlobalSection(ProjectConfigurationPlatforms) = postSolution
		{DA6D485A-FD4A-4044-ABC6-F489EBB09295}.Debug|Any CPU.ActiveCfg = Debug|Any CPU
		{DA6D485A-FD4A-4044-ABC6-F489EBB09295}.Debug|Any CPU.Build.0 = Debug|Any CPU
		{DA6D485A-FD4A-4044-ABC6-F489EBB09295}.Release|Any CPU.ActiveCfg = Release|Any CPU
		{DA6D485A-FD4A-4044-ABC6-F489EBB09295}.Release|Any CPU.Build.0 = Release|Any CPU
		{F256180C-37E9-4195-AB26-28B4EC33616E}.Debug|Any CPU.ActiveCfg = Debug|Any CPU
		{F256180C-37E9-4195-AB26-28B4EC33616E}.Debug|Any CPU.Build.0 = Debug|Any CPU
		{F256180C-37E9-4195-AB26-28B4EC33616E}.Release|Any CPU.ActiveCfg = Release|Any CPU
		{F256180C-37E9-4195-AB26-28B4EC33616E}.Release|Any CPU.Build.0 = Release|Any CPU
	EndGlobalSection
	GlobalSection(SolutionProperties) = preSolution
		HideSolutionNode = FALSE
	EndGlobalSection
	GlobalSection(ExtensibilityGlobals) = postSolution
		SolutionGuid = {B597B262-81DA-490F-B137-8A81A9DB92A7}
	EndGlobalSection
EndGlobal
